lockfileVersion: '6.0'

settings:
  autoInstallPeers: true
  excludeLinksFromLockfile: false

dependencies:
  monaco-editor:
    specifier: ^0.51.0
    version: 0.51.0

packages:

  /monaco-editor@0.51.0:
    resolution: {integrity: sha512-xaGwVV1fq343cM7aOYB6lVE4Ugf0UyimdD/x5PWcWBMKENwectaEu77FAN7c5sFiyumqeJdX1RPTh1ocioyDjw==}
    dev: false
